// !$*UTF8*$!
{
	archiveVersion = 1;
	classes = {
	};
	objectVersion = 77;
	objects = {

/* Begin PBXContainerItemProxy section */
		756963372CFCACEB009F1937 /* PBXContainerItemProxy */ = {
			isa = PBXContainerItemProxy;
			containerPortal = 7569631E2CFCACE8009F1937 /* Project object */;
			proxyType = 1;
			remoteGlobalIDString = 756963252CFCACE8009F1937;
			remoteInfo = "ICS-Generator";
		};
		756963412CFCACEB009F1937 /* PBXContainerItemProxy */ = {
			isa = PBXContainerItemProxy;
			containerPortal = 7569631E2CFCACE8009F1937 /* Project object */;
			proxyType = 1;
			remoteGlobalIDString = 756963252CFCACE8009F1937;
			remoteInfo = "ICS-Generator";
		};
/* End PBXContainerItemProxy section */

/* Begin PBXFileReference section */
		756963262CFCACE8009F1937 /* ICS-Generator.app */ = {isa = PBXFileReference; explicitFileType = wrapper.application; includeInIndex = 0; path = "ICS-Generator.app"; sourceTree = BUILT_PRODUCTS_DIR; };
		756963362CFCACEB009F1937 /* ICS-GeneratorTests.xctest */ = {isa = PBXFileReference; explicitFileType = wrapper.cfbundle; includeInIndex = 0; path = "ICS-GeneratorTests.xctest"; sourceTree = BUILT_PRODUCTS_DIR; };
		756963402CFCACEB009F1937 /* ICS-GeneratorUITests.xctest */ = {isa = PBXFileReference; explicitFileType = wrapper.cfbundle; includeInIndex = 0; path = "ICS-GeneratorUITests.xctest"; sourceTree = BUILT_PRODUCTS_DIR; };
/* End PBXFileReference section */

/* Begin PBXFileSystemSynchronizedRootGroup section */
		756963282CFCACE8009F1937 /* ICS-Generator */ = {
			isa = PBXFileSystemSynchronizedRootGroup;
			path = "ICS-Generator";
			sourceTree = "<group>";
		};
		756963392CFCACEB009F1937 /* ICS-GeneratorTests */ = {
			isa = PBXFileSystemSynchronizedRootGroup;
			path = "ICS-GeneratorTests";
			sourceTree = "<group>";
		};
		756963432CFCACEB009F1937 /* ICS-GeneratorUITests */ = {
			isa = PBXFileSystemSynchronizedRootGroup;
			path = "ICS-GeneratorUITests";
			sourceTree = "<group>";
		};
/* End PBXFileSystemSynchronizedRootGroup section */

/* Begin PBXFrameworksBuildPhase section */
		756963232CFCACE8009F1937 /* Frameworks */ = {
			isa = PBXFrameworksBuildPhase;
			buildActionMask = 2147483647;
			files = (
			);
			runOnlyForDeploymentPostprocessing = 0;
		};
		756963332CFCACEB009F1937 /* Frameworks */ = {
			isa = PBXFrameworksBuildPhase;
			buildActionMask = 2147483647;
			files = (
			);
			runOnlyForDeploymentPostprocessing = 0;
		};
		7569633D2CFCACEB009F1937 /* Frameworks */ = {
			isa = PBXFrameworksBuildPhase;
			buildActionMask = 2147483647;
			files = (
			);
			runOnlyForDeploymentPostprocessing = 0;
		};
/* End PBXFrameworksBuildPhase section */

/* Begin PBXGroup section */
		7569631D2CFCACE8009F1937 = {
			isa = PBXGroup;
			children = (
				756963282CFCACE8009F1937 /* ICS-Generator */,
				756963392CFCACEB009F1937 /* ICS-GeneratorTests */,
				756963432CFCACEB009F1937 /* ICS-GeneratorUITests */,
				756963272CFCACE8009F1937 /* Products */,
			);
			sourceTree = "<group>";
		};
		756963272CFCACE8009F1937 /* Products */ = {
			isa = PBXGroup;
			children = (
				756963262CFCACE8009F1937 /* ICS-Generator.app */,
				756963362CFCACEB009F1937 /* ICS-GeneratorTests.xctest */,
				756963402CFCACEB009F1937 /* ICS-GeneratorUITests.xctest */,
			);
			name = Products;
			sourceTree = "<group>";
		};
/* End PBXGroup section */

/* Begin PBXNativeTarget section */
		756963252CFCACE8009F1937 /* ICS-Generator */ = {
			isa = PBXNativeTarget;
			buildConfigurationList = 7569634A2CFCACEB009F1937 /* Build configuration list for PBXNativeTarget "ICS-Generator" */;
			buildPhases = (
				756963222CFCACE8009F1937 /* Sources */,
				756963232CFCACE8009F1937 /* Frameworks */,
				756963242CFCACE8009F1937 /* Resources */,
			);
			buildRules = (
			);
			dependencies = (
			);
			fileSystemSynchronizedGroups = (
				756963282CFCACE8009F1937 /* ICS-Generator */,
			);
			name = "ICS-Generator";
			packageProductDependencies = (
			);
			productName = "ICS-Generator";
			productReference = 756963262CFCACE8009F1937 /* ICS-Generator.app */;
			productType = "com.apple.product-type.application";
		};
		756963352CFCACEB009F1937 /* ICS-GeneratorTests */ = {
			isa = PBXNativeTarget;
			buildConfigurationList = 7569634D2CFCACEB009F1937 /* Build configuration list for PBXNativeTarget "ICS-GeneratorTests" */;
			buildPhases = (
				756963322CFCACEB009F1937 /* Sources */,
				756963332CFCACEB009F1937 /* Frameworks */,
				756963342CFCACEB009F1937 /* Resources */,
			);
			buildRules = (
			);
			dependencies = (
				756963382CFCACEB009F1937 /* PBXTargetDependency */,
			);
			fileSystemSynchronizedGroups = (
				756963392CFCACEB009F1937 /* ICS-GeneratorTests */,
			);
			name = "ICS-GeneratorTests";
			packageProductDependencies = (
			);
			productName = "ICS-GeneratorTests";
			productReference = 756963362CFCACEB009F1937 /* ICS-GeneratorTests.xctest */;
			productType = "com.apple.product-type.bundle.unit-test";
		};
		7569633F2CFCACEB009F1937 /* ICS-GeneratorUITests */ = {
			isa = PBXNativeTarget;
			buildConfigurationList = 756963502CFCACEB009F1937 /* Build configuration list for PBXNativeTarget "ICS-GeneratorUITests" */;
			buildPhases = (
				7569633C2CFCACEB009F1937 /* Sources */,
				7569633D2CFCACEB009F1937 /* Frameworks */,
				7569633E2CFCACEB009F1937 /* Resources */,
			);
			buildRules = (
			);
			dependencies = (
				756963422CFCACEB009F1937 /* PBXTargetDependency */,
			);
			fileSystemSynchronizedGroups = (
				756963432CFCACEB009F1937 /* ICS-GeneratorUITests */,
			);
			name = "ICS-GeneratorUITests";
			packageProductDependencies = (
			);
			productName = "ICS-GeneratorUITests";
			productReference = 756963402CFCACEB009F1937 /* ICS-GeneratorUITests.xctest */;
			productType = "com.apple.product-type.bundle.ui-testing";
		};
/* End PBXNativeTarget section */

/* Begin PBXProject section */
		7569631E2CFCACE8009F1937 /* Project object */ = {
			isa = PBXProject;
			attributes = {
				BuildIndependentTargetsInParallel = 1;
				LastSwiftUpdateCheck = 1610;
				LastUpgradeCheck = 1610;
				TargetAttributes = {
					756963252CFCACE8009F1937 = {
						CreatedOnToolsVersion = 16.1;
					};
					756963352CFCACEB009F1937 = {
						CreatedOnToolsVersion = 16.1;
						TestTargetID = 756963252CFCACE8009F1937;
					};
					7569633F2CFCACEB009F1937 = {
						CreatedOnToolsVersion = 16.1;
						TestTargetID = 756963252CFCACE8009F1937;
					};
				};
			};
			buildConfigurationList = 756963212CFCACE8009F1937 /* Build configuration list for PBXProject "ICS-Generator" */;
			developmentRegion = en;
			hasScannedForEncodings = 0;
			knownRegions = (
				en,
				Base,
			);
			mainGroup = 7569631D2CFCACE8009F1937;
			minimizedProjectReferenceProxies = 1;
			preferredProjectObjectVersion = 77;
			productRefGroup = 756963272CFCACE8009F1937 /* Products */;
			projectDirPath = "";
			projectRoot = "";
			targets = (
				756963252CFCACE8009F1937 /* ICS-Generator */,
				756963352CFCACEB009F1937 /* ICS-GeneratorTests */,
				7569633F2CFCACEB009F1937 /* ICS-GeneratorUITests */,
			);
		};
/* End PBXProject section */

/* Begin PBXResourcesBuildPhase section */
		756963242CFCACE8009F1937 /* Resources */ = {
			isa = PBXResourcesBuildPhase;
			buildActionMask = 2147483647;
			files = (
			);
			runOnlyForDeploymentPostprocessing = 0;
		};
		756963342CFCACEB009F1937 /* Resources */ = {
			isa = PBXResourcesBuildPhase;
			buildActionMask = 2147483647;
			files = (
			);
			runOnlyForDeploymentPostprocessing = 0;
		};
		7569633E2CFCACEB009F1937 /* Resources */ = {
			isa = PBXResourcesBuildPhase;
			buildActionMask = 2147483647;
			files = (
			);
			runOnlyForDeploymentPostprocessing = 0;
		};
/* End PBXResourcesBuildPhase section */

/* Begin PBXSourcesBuildPhase section */
		756963222CFCACE8009F1937 /* Sources */ = {
			isa = PBXSourcesBuildPhase;
			buildActionMask = 2147483647;
			files = (
			);
			runOnlyForDeploymentPostprocessing = 0;
		};
		756963322CFCACEB009F1937 /* Sources */ = {
			isa = PBXSourcesBuildPhase;
			buildActionMask = 2147483647;
			files = (
			);
			runOnlyForDeploymentPostprocessing = 0;
		};
		7569633C2CFCACEB009F1937 /* Sources */ = {
			isa = PBXSourcesBuildPhase;
			buildActionMask = 2147483647;
			files = (
			);
			runOnlyForDeploymentPostprocessing = 0;
		};
/* End PBXSourcesBuildPhase section */

/* Begin PBXTargetDependency section */
		756963382CFCACEB009F1937 /* PBXTargetDependency */ = {
			isa = PBXTargetDependency;
			target = 756963252CFCACE8009F1937 /* ICS-Generator */;
			targetProxy = 756963372CFCACEB009F1937 /* PBXContainerItemProxy */;
		};
		756963422CFCACEB009F1937 /* PBXTargetDependency */ = {
			isa = PBXTargetDependency;
			target = 756963252CFCACE8009F1937 /* ICS-Generator */;
			targetProxy = 756963412CFCACEB009F1937 /* PBXContainerItemProxy */;
		};
/* End PBXTargetDependency section */

/* Begin XCBuildConfiguration section */
		756963482CFCACEB009F1937 /* Debug */ = {
			isa = XCBuildConfiguration;
			buildSettings = {
				ALWAYS_SEARCH_USER_PATHS = NO;
				ASSETCATALOG_COMPILER_GENERATE_SWIFT_ASSET_SYMBOL_EXTENSIONS = YES;
				CLANG_ANALYZER_NONNULL = YES;
				CLANG_ANALYZER_NUMBER_OBJECT_CONVERSION = YES_AGGRESSIVE;
				CLANG_CXX_LANGUAGE_STANDARD = "gnu++20";
				CLANG_ENABLE_MODULES = YES;
				CLANG_ENABLE_OBJC_ARC = YES;
				CLANG_ENABLE_OBJC_WEAK = YES;
				CLANG_WARN_BLOCK_CAPTURE_AUTORELEASING = YES;
				CLANG_WARN_BOOL_CONVERSION = YES;
				CLANG_WARN_COMMA = YES;
				CLANG_WARN_CONSTANT_CONVERSION = YES;
				CLANG_WARN_DEPRECATED_OBJC_IMPLEMENTATIONS = YES;
				CLANG_WARN_DIRECT_OBJC_ISA_USAGE = YES_ERROR;
				CLANG_WARN_DOCUMENTATION_COMMENTS = YES;
				CLANG_WARN_EMPTY_BODY = YES;
				CLANG_WARN_ENUM_CONVERSION = YES;
				CLANG_WARN_INFINITE_RECURSION = YES;
				CLANG_WARN_INT_CONVERSION = YES;
				CLANG_WARN_NON_LITERAL_NULL_CONVERSION = YES;
				CLANG_WARN_OBJC_IMPLICIT_RETAIN_SELF = YES;
				CLANG_WARN_OBJC_LITERAL_CONVERSION = YES;
				CLANG_WARN_OBJC_ROOT_CLASS = YES_ERROR;
				CLANG_WARN_QUOTED_INCLUDE_IN_FRAMEWORK_HEADER = YES;
				CLANG_WARN_RANGE_LOOP_ANALYSIS = YES;
				CLANG_WARN_STRICT_PROTOTYPES = YES;
				CLANG_WARN_SUSPICIOUS_MOVE = YES;
				CLANG_WARN_UNGUARDED_AVAILABILITY = YES_AGGRESSIVE;
				CLANG_WARN_UNREACHABLE_CODE = YES;
				CLANG_WARN__DUPLICATE_METHOD_MATCH = YES;
				COPY_PHASE_STRIP = NO;
				DEBUG_INFORMATION_FORMAT = dwarf;
				ENABLE_STRICT_OBJC_MSGSEND = YES;
				ENABLE_TESTABILITY = YES;
				ENABLE_USER_SCRIPT_SANDBOXING = YES;
				GCC_C_LANGUAGE_STANDARD = gnu17;
				GCC_DYNAMIC_NO_PIC = NO;
				GCC_NO_COMMON_BLOCKS = YES;
				GCC_OPTIMIZATION_LEVEL = 0;
				GCC_PREPROCESSOR_DEFINITIONS = (
					"DEBUG=1",
					"$(inherited)",
				);
				GCC_WARN_64_TO_32_BIT_CONVERSION = YES;
				GCC_WARN_ABOUT_RETURN_TYPE = YES_ERROR;
				GCC_WARN_UNDECLARED_SELECTOR = YES;
				GCC_WARN_UNINITIALIZED_AUTOS = YES_AGGRESSIVE;
				GCC_WARN_UNUSED_FUNCTION = YES;
				GCC_WARN_UNUSED_VARIABLE = YES;
				IPHONEOS_DEPLOYMENT_TARGET = 18.1;
				LOCALIZATION_PREFERS_STRING_CATALOGS = YES;
				MTL_ENABLE_DEBUG_INFO = INCLUDE_SOURCE;
				MTL_FAST_MATH = YES;
				ONLY_ACTIVE_ARCH = YES;
				SDKROOT = iphoneos;
				SWIFT_ACTIVE_COMPILATION_CONDITIONS = "DEBUG $(inherited)";
				SWIFT_OPTIMIZATION_LEVEL = "-Onone";
			};
			name = Debug;
		};
		756963492CFCACEB009F1937 /* Release */ = {
			isa = XCBuildConfiguration;
			buildSettings = {
				ALWAYS_SEARCH_USER_PATHS = NO;
				ASSETCATALOG_COMPILER_GENERATE_SWIFT_ASSET_SYMBOL_EXTENSIONS = YES;
				CLANG_ANALYZER_NONNULL = YES;
				CLANG_ANALYZER_NUMBER_OBJECT_CONVERSION = YES_AGGRESSIVE;
				CLANG_CXX_LANGUAGE_STANDARD = "gnu++20";
				CLANG_ENABLE_MODULES = YES;
				CLANG_ENABLE_OBJC_ARC = YES;
				CLANG_ENABLE_OBJC_WEAK = YES;
				CLANG_WARN_BLOCK_CAPTURE_AUTORELEASING = YES;
				CLANG_WARN_BOOL_CONVERSION = YES;
				CLANG_WARN_COMMA = YES;
				CLANG_WARN_CONSTANT_CONVERSION = YES;
				CLANG_WARN_DEPRECATED_OBJC_IMPLEMENTATIONS = YES;
				CLANG_WARN_DIRECT_OBJC_ISA_USAGE = YES_ERROR;
				CLANG_WARN_DOCUMENTATION_COMMENTS = YES;
				CLANG_WARN_EMPTY_BODY = YES;
				CLANG_WARN_ENUM_CONVERSION = YES;
				CLANG_WARN_INFINITE_RECURSION = YES;
				CLANG_WARN_INT_CONVERSION = YES;
				CLANG_WARN_NON_LITERAL_NULL_CONVERSION = YES;
				CLANG_WARN_OBJC_IMPLICIT_RETAIN_SELF = YES;
				CLANG_WARN_OBJC_LITERAL_CONVERSION = YES;
				CLANG_WARN_OBJC_ROOT_CLASS = YES_ERROR;
				CLANG_WARN_QUOTED_INCLUDE_IN_FRAMEWORK_HEADER = YES;
				CLANG_WARN_RANGE_LOOP_ANALYSIS = YES;
				CLANG_WARN_STRICT_PROTOTYPES = YES;
				CLANG_WARN_SUSPICIOUS_MOVE = YES;
				CLANG_WARN_UNGUARDED_AVAILABILITY = YES_AGGRESSIVE;
				CLANG_WARN_UNREACHABLE_CODE = YES;
				CLANG_WARN__DUPLICATE_METHOD_MATCH = YES;
				COPY_PHASE_STRIP = NO;
				DEBUG_INFORMATION_FORMAT = "dwarf-with-dsym";
				ENABLE_NS_ASSERTIONS = NO;
				ENABLE_STRICT_OBJC_MSGSEND = YES;
				ENABLE_USER_SCRIPT_SANDBOXING = YES;
				GCC_C_LANGUAGE_STANDARD = gnu17;
				GCC_NO_COMMON_BLOCKS = YES;
				GCC_WARN_64_TO_32_BIT_CONVERSION = YES;
				GCC_WARN_ABOUT_RETURN_TYPE = YES_ERROR;
				GCC_WARN_UNDECLARED_SELECTOR = YES;
				GCC_WARN_UNINITIALIZED_AUTOS = YES_AGGRESSIVE;
				GCC_WARN_UNUSED_FUNCTION = YES;
				GCC_WARN_UNUSED_VARIABLE = YES;
				IPHONEOS_DEPLOYMENT_TARGET = 18.1;
				LOCALIZATION_PREFERS_STRING_CATALOGS = YES;
				MTL_ENABLE_DEBUG_INFO = NO;
				MTL_FAST_MATH = YES;
				SDKROOT = iphoneos;
				SWIFT_COMPILATION_MODE = wholemodule;
				VALIDATE_PRODUCT = YES;
			};
			name = Release;
		};
		7569634B2CFCACEB009F1937 /* Debug */ = {
			isa = XCBuildConfiguration;
			buildSettings = {
				ASSETCATALOG_COMPILER_APPICON_NAME = AppIcon;
				ASSETCATALOG_COMPILER_GLOBAL_ACCENT_COLOR_NAME = AccentColor;
				CODE_SIGN_STYLE = Automatic;
				CURRENT_PROJECT_VERSION = 1;
				DEVELOPMENT_ASSET_PATHS = "\"ICS-Generator/Preview Content\"";
				DEVELOPMENT_TEAM = 9MWLM5L82G;
				ENABLE_PREVIEWS = YES;
				GENERATE_INFOPLIST_FILE = YES;
				INFOPLIST_KEY_UIApplicationSceneManifest_Generation = YES;
				INFOPLIST_KEY_UIApplicationSupportsIndirectInputEvents = YES;
				INFOPLIST_KEY_UILaunchScreen_Generation = YES;
				INFOPLIST_KEY_UISupportedInterfaceOrientations_iPad = "UIInterfaceOrientationPortrait UIInterfaceOrientationPortraitUpsideDown UIInterfaceOrientationLandscapeLeft UIInterfaceOrientationLandscapeRight";
				INFOPLIST_KEY_UISupportedInterfaceOrientations_iPhone = "UIInterfaceOrientationPortrait UIInterfaceOrientationLandscapeLeft UIInterfaceOrientationLandscapeRight";
				LD_RUNPATH_SEARCH_PATHS = (
					"$(inherited)",
					"@executable_path/Frameworks",
				);
				MARKETING_VERSION = 1.0;
				PRODUCT_BUNDLE_IDENTIFIER = "biz.schellenberger.michael.ICS-Generator";
				PRODUCT_NAME = "$(TARGET_NAME)";
				SWIFT_EMIT_LOC_STRINGS = YES;
				SWIFT_VERSION = 5.0;
				TARGETED_DEVICE_FAMILY = "1,2";
			};
			name = Debug;
		};
		7569634C2CFCACEB009F1937 /* Release */ = {
			isa = XCBuildConfiguration;
			buildSettings = {
				ASSETCATALOG_COMPILER_APPICON_NAME = AppIcon;
				ASSETCATALOG_COMPILER_GLOBAL_ACCENT_COLOR_NAME = AccentColor;
				CODE_SIGN_STYLE = Automatic;
				CURRENT_PROJECT_VERSION = 1;
				DEVELOPMENT_ASSET_PATHS = "\"ICS-Generator/Preview Content\"";
				DEVELOPMENT_TEAM = 9MWLM5L82G;
				ENABLE_PREVIEWS = YES;
				GENERATE_INFOPLIST_FILE = YES;
				INFOPLIST_KEY_UIApplicationSceneManifest_Generation = YES;
				INFOPLIST_KEY_UIApplicationSupportsIndirectInputEvents = YES;
				INFOPLIST_KEY_UILaunchScreen_Generation = YES;
				INFOPLIST_KEY_UISupportedInterfaceOrientations_iPad = "UIInterfaceOrientationPortrait UIInterfaceOrientationPortraitUpsideDown UIInterfaceOrientationLandscapeLeft UIInterfaceOrientationLandscapeRight";
				INFOPLIST_KEY_UISupportedInterfaceOrientations_iPhone = "UIInterfaceOrientationPortrait UIInterfaceOrientationLandscapeLeft UIInterfaceOrientationLandscapeRight";
				LD_RUNPATH_SEARCH_PATHS = (
					"$(inherited)",
					"@executable_path/Frameworks",
				);
				MARKETING_VERSION = 1.0;
				PRODUCT_BUNDLE_IDENTIFIER = "biz.schellenberger.michael.ICS-Generator";
				PRODUCT_NAME = "$(TARGET_NAME)";
				SWIFT_EMIT_LOC_STRINGS = YES;
				SWIFT_VERSION = 5.0;
				TARGETED_DEVICE_FAMILY = "1,2";
			};
			name = Release;
		};
		7569634E2CFCACEB009F1937 /* Debug */ = {
			isa = XCBuildConfiguration;
			buildSettings = {
				BUNDLE_LOADER = "$(TEST_HOST)";
				CODE_SIGN_STYLE = Automatic;
				CURRENT_PROJECT_VERSION = 1;
				DEVELOPMENT_TEAM = 9MWLM5L82G;
				GENERATE_INFOPLIST_FILE = YES;
				IPHONEOS_DEPLOYMENT_TARGET = 18.1;
				MARKETING_VERSION = 1.0;
				PRODUCT_BUNDLE_IDENTIFIER = "biz.schellenberger.michael.ICS-GeneratorTests";
				PRODUCT_NAME = "$(TARGET_NAME)";
				SWIFT_EMIT_LOC_STRINGS = NO;
				SWIFT_VERSION = 5.0;
				TARGETED_DEVICE_FAMILY = "1,2";
				TEST_HOST = "$(BUILT_PRODUCTS_DIR)/ICS-Generator.app/$(BUNDLE_EXECUTABLE_FOLDER_PATH)/ICS-Generator";
			};
			name = Debug;
		};
		7569634F2CFCACEB009F1937 /* Release */ = {
			isa = XCBuildConfiguration;
			buildSettings = {
				BUNDLE_LOADER = "$(TEST_HOST)";
				CODE_SIGN_STYLE = Automatic;
				CURRENT_PROJECT_VERSION = 1;
				DEVELOPMENT_TEAM = 9MWLM5L82G;
				GENERATE_INFOPLIST_FILE = YES;
				IPHONEOS_DEPLOYMENT_TARGET = 18.1;
				MARKETING_VERSION = 1.0;
				PRODUCT_BUNDLE_IDENTIFIER = "biz.schellenberger.michael.ICS-GeneratorTests";
				PRODUCT_NAME = "$(TARGET_NAME)";
				SWIFT_EMIT_LOC_STRINGS = NO;
				SWIFT_VERSION = 5.0;
				TARGETED_DEVICE_FAMILY = "1,2";
				TEST_HOST = "$(BUILT_PRODUCTS_DIR)/ICS-Generator.app/$(BUNDLE_EXECUTABLE_FOLDER_PATH)/ICS-Generator";
			};
			name = Release;
		};
		756963512CFCACEB009F1937 /* Debug */ = {
			isa = XCBuildConfiguration;
			buildSettings = {
				CODE_SIGN_STYLE = Automatic;
				CURRENT_PROJECT_VERSION = 1;
				DEVELOPMENT_TEAM = 9MWLM5L82G;
				GENERATE_INFOPLIST_FILE = YES;
				MARKETING_VERSION = 1.0;
				PRODUCT_BUNDLE_IDENTIFIER = "biz.schellenberger.michael.ICS-GeneratorUITests";
				PRODUCT_NAME = "$(TARGET_NAME)";
				SWIFT_EMIT_LOC_STRINGS = NO;
				SWIFT_VERSION = 5.0;
				TARGETED_DEVICE_FAMILY = "1,2";
				TEST_TARGET_NAME = "ICS-Generator";
			};
			name = Debug;
		};
		756963522CFCACEB009F1937 /* Release */ = {
			isa = XCBuildConfiguration;
			buildSettings = {
				CODE_SIGN_STYLE = Automatic;
				CURRENT_PROJECT_VERSION = 1;
				DEVELOPMENT_TEAM = 9MWLM5L82G;
				GENERATE_INFOPLIST_FILE = YES;
				MARKETING_VERSION = 1.0;
				PRODUCT_BUNDLE_IDENTIFIER = "biz.schellenberger.michael.ICS-GeneratorUITests";
				PRODUCT_NAME = "$(TARGET_NAME)";
				SWIFT_EMIT_LOC_STRINGS = NO;
				SWIFT_VERSION = 5.0;
				TARGETED_DEVICE_FAMILY = "1,2";
				TEST_TARGET_NAME = "ICS-Generator";
			};
			name = Release;
		};
/* End XCBuildConfiguration section */

/* Begin XCConfigurationList section */
		756963212CFCACE8009F1937 /* Build configuration list for PBXProject "ICS-Generator" */ = {
			isa = XCConfigurationList;
			buildConfigurations = (
				756963482CFCACEB009F1937 /* Debug */,
				756963492CFCACEB009F1937 /* Release */,
			);
			defaultConfigurationIsVisible = 0;
			defaultConfigurationName = Release;
		};
		7569634A2CFCACEB009F1937 /* Build configuration list for PBXNativeTarget "ICS-Generator" */ = {
			isa = XCConfigurationList;
			buildConfigurations = (
				7569634B2CFCACEB009F1937 /* Debug */,
				7569634C2CFCACEB009F1937 /* Release */,
			);
			defaultConfigurationIsVisible = 0;
			defaultConfigurationName = Release;
		};
		7569634D2CFCACEB009F1937 /* Build configuration list for PBXNativeTarget "ICS-GeneratorTests" */ = {
			isa = XCConfigurationList;
			buildConfigurations = (
				7569634E2CFCACEB009F1937 /* Debug */,
				7569634F2CFCACEB009F1937 /* Release */,
			);
			defaultConfigurationIsVisible = 0;
			defaultConfigurationName = Release;
		};
		756963502CFCACEB009F1937 /* Build configuration list for PBXNativeTarget "ICS-GeneratorUITests" */ = {
			isa = XCConfigurationList;
			buildConfigurations = (
				756963512CFCACEB009F1937 /* Debug */,
				756963522CFCACEB009F1937 /* Release */,
			);
			defaultConfigurationIsVisible = 0;
			defaultConfigurationName = Release;
		};
/* End XCConfigurationList section */
	};
	rootObject = 7569631E2CFCACE8009F1937 /* Project object */;
}
